
Microsoft Visual Studio Solution File, Format Version 12.00
# Visual Studio Version 16
VisualStudioVersion = 16.0.32228.343
MinimumVisualStudioVersion = 10.0.40219.1
Project("{FAE04EC0-301F-11D3-BF4B-00C04F79EFBC}") = "test", "test.csproj", "{7C039F7E-1EF2-405B-8184-5B731B455BC6}"
EndProject
Global
	GlobalSection(SolutionConfigurationPlatforms) = preSolution
		Debug|Any CPU = Debug|Any CPU
		Release|Any CPU = Release|Any CPU
	EndGlobalSection
	GlobalSection(ProjectConfigurationPlatforms) = postSolution
		{7C039F7E-1EF2-405B-8184-5B731B455BC6}.Debug|Any CPU.ActiveCfg = Debug|Any CPU
		{7C039F7E-1EF2-405B-8184-5B731B455BC6}.Debug|Any CPU.Build.0 = Debug|Any CPU
		{7C039F7E-1EF2-405B-8184-5B731B455BC6}.Release|Any CPU.ActiveCfg = Release|Any CPU
		{7C039F7E-1EF2-405B-8184-5B731B455BC6}.Release|Any CPU.Build.0 = Release|Any CPU
	EndGlobalSection
	GlobalSection(SolutionProperties) = preSolution
		HideSolutionNode = FALSE
	EndGlobalSection
	GlobalSection(ExtensibilityGlobals) = postSolution
		SolutionGuid = {D98FB4DA-2CE1-4D35-9626-2A01AD700D9D}
	EndGlobalSection
EndGlobal
