
Microsoft Visual Studio Solution File, Format Version 12.00
# Visual Studio Version 16
VisualStudioVersion = 16.0.32228.343
MinimumVisualStudioVersion = 10.0.40219.1
Project("{FAE04EC0-301F-11D3-BF4B-00C04F79EFBC}") = "WEEK_6_20206277_1_5", "WEEK_6_20206277_1_5.csproj", "{C0856E89-172A-4C0C-B007-CC83FB0F682E}"
EndProject
Global
	GlobalSection(SolutionConfigurationPlatforms) = preSolution
		Debug|Any CPU = Debug|Any CPU
		Release|Any CPU = Release|Any CPU
	EndGlobalSection
	GlobalSection(ProjectConfigurationPlatforms) = postSolution
		{C0856E89-172A-4C0C-B007-CC83FB0F682E}.Debug|Any CPU.ActiveCfg = Debug|Any CPU
		{C0856E89-172A-4C0C-B007-CC83FB0F682E}.Debug|Any CPU.Build.0 = Debug|Any CPU
		{C0856E89-172A-4C0C-B007-CC83FB0F682E}.Release|Any CPU.ActiveCfg = Release|Any CPU
		{C0856E89-172A-4C0C-B007-CC83FB0F682E}.Release|Any CPU.Build.0 = Release|Any CPU
	EndGlobalSection
	GlobalSection(SolutionProperties) = preSolution
		HideSolutionNode = FALSE
	EndGlobalSection
	GlobalSection(ExtensibilityGlobals) = postSolution
		SolutionGuid = {4E33B81B-0F2C-4CF3-91C6-847810964942}
	EndGlobalSection
EndGlobal
