
Microsoft Visual Studio Solution File, Format Version 12.00
# Visual Studio Version 16
VisualStudioVersion = 16.0.32228.343
MinimumVisualStudioVersion = 10.0.40219.1
Project("{FAE04EC0-301F-11D3-BF4B-00C04F79EFBC}") = "WEEK_4_20206277_1_4", "WEEK_4_20206277_1_4.csproj", "{A8142437-BF12-4A54-84E3-5152616DC59B}"
EndProject
Global
	GlobalSection(SolutionConfigurationPlatforms) = preSolution
		Debug|Any CPU = Debug|Any CPU
		Release|Any CPU = Release|Any CPU
	EndGlobalSection
	GlobalSection(ProjectConfigurationPlatforms) = postSolution
		{A8142437-BF12-4A54-84E3-5152616DC59B}.Debug|Any CPU.ActiveCfg = Debug|Any CPU
		{A8142437-BF12-4A54-84E3-5152616DC59B}.Debug|Any CPU.Build.0 = Debug|Any CPU
		{A8142437-BF12-4A54-84E3-5152616DC59B}.Release|Any CPU.ActiveCfg = Release|Any CPU
		{A8142437-BF12-4A54-84E3-5152616DC59B}.Release|Any CPU.Build.0 = Release|Any CPU
	EndGlobalSection
	GlobalSection(SolutionProperties) = preSolution
		HideSolutionNode = FALSE
	EndGlobalSection
	GlobalSection(ExtensibilityGlobals) = postSolution
		SolutionGuid = {DE6D5262-C905-48F7-A763-AC4F0E0DC010}
	EndGlobalSection
EndGlobal
