
Microsoft Visual Studio Solution File, Format Version 12.00
# Visual Studio Version 16
VisualStudioVersion = 16.0.32228.343
MinimumVisualStudioVersion = 10.0.40219.1
Project("{FAE04EC0-301F-11D3-BF4B-00C04F79EFBC}") = "WEEK_3_20206277_2_4", "WEEK_3_20206277_2_4.csproj", "{9BAAFFDC-E35F-424D-A8B4-DF6E19F4D343}"
EndProject
Global
	GlobalSection(SolutionConfigurationPlatforms) = preSolution
		Debug|Any CPU = Debug|Any CPU
		Release|Any CPU = Release|Any CPU
	EndGlobalSection
	GlobalSection(ProjectConfigurationPlatforms) = postSolution
		{9BAAFFDC-E35F-424D-A8B4-DF6E19F4D343}.Debug|Any CPU.ActiveCfg = Debug|Any CPU
		{9BAAFFDC-E35F-424D-A8B4-DF6E19F4D343}.Debug|Any CPU.Build.0 = Debug|Any CPU
		{9BAAFFDC-E35F-424D-A8B4-DF6E19F4D343}.Release|Any CPU.ActiveCfg = Release|Any CPU
		{9BAAFFDC-E35F-424D-A8B4-DF6E19F4D343}.Release|Any CPU.Build.0 = Release|Any CPU
	EndGlobalSection
	GlobalSection(SolutionProperties) = preSolution
		HideSolutionNode = FALSE
	EndGlobalSection
	GlobalSection(ExtensibilityGlobals) = postSolution
		SolutionGuid = {AEC21C80-B52B-482C-8F4D-E2B7158DEDC0}
	EndGlobalSection
EndGlobal
