
Microsoft Visual Studio Solution File, Format Version 12.00
# Visual Studio Version 16
VisualStudioVersion = 16.0.32228.343
MinimumVisualStudioVersion = 10.0.40219.1
Project("{FAE04EC0-301F-11D3-BF4B-00C04F79EFBC}") = "delete_file", "delete_file.csproj", "{C1E10766-2B0B-4DCE-8282-4A2CD05F9F5D}"
EndProject
Global
	GlobalSection(SolutionConfigurationPlatforms) = preSolution
		Debug|Any CPU = Debug|Any CPU
		Release|Any CPU = Release|Any CPU
	EndGlobalSection
	GlobalSection(ProjectConfigurationPlatforms) = postSolution
		{C1E10766-2B0B-4DCE-8282-4A2CD05F9F5D}.Debug|Any CPU.ActiveCfg = Debug|Any CPU
		{C1E10766-2B0B-4DCE-8282-4A2CD05F9F5D}.Debug|Any CPU.Build.0 = Debug|Any CPU
		{C1E10766-2B0B-4DCE-8282-4A2CD05F9F5D}.Release|Any CPU.ActiveCfg = Release|Any CPU
		{C1E10766-2B0B-4DCE-8282-4A2CD05F9F5D}.Release|Any CPU.Build.0 = Release|Any CPU
	EndGlobalSection
	GlobalSection(SolutionProperties) = preSolution
		HideSolutionNode = FALSE
	EndGlobalSection
	GlobalSection(ExtensibilityGlobals) = postSolution
		SolutionGuid = {C89FEDC5-069F-405C-9F20-7E1B17A27C72}
	EndGlobalSection
EndGlobal
