
Microsoft Visual Studio Solution File, Format Version 12.00
# Visual Studio Version 16
VisualStudioVersion = 16.0.32228.343
MinimumVisualStudioVersion = 10.0.40219.1
Project("{FAE04EC0-301F-11D3-BF4B-00C04F79EFBC}") = "WEEK_7_20206277_1_2", "WEEK_7_20206277_1_2.csproj", "{6F8F2E0D-646A-46CB-AC26-89FCB6342807}"
EndProject
Global
	GlobalSection(SolutionConfigurationPlatforms) = preSolution
		Debug|Any CPU = Debug|Any CPU
		Release|Any CPU = Release|Any CPU
	EndGlobalSection
	GlobalSection(ProjectConfigurationPlatforms) = postSolution
		{6F8F2E0D-646A-46CB-AC26-89FCB6342807}.Debug|Any CPU.ActiveCfg = Debug|Any CPU
		{6F8F2E0D-646A-46CB-AC26-89FCB6342807}.Debug|Any CPU.Build.0 = Debug|Any CPU
		{6F8F2E0D-646A-46CB-AC26-89FCB6342807}.Release|Any CPU.ActiveCfg = Release|Any CPU
		{6F8F2E0D-646A-46CB-AC26-89FCB6342807}.Release|Any CPU.Build.0 = Release|Any CPU
	EndGlobalSection
	GlobalSection(SolutionProperties) = preSolution
		HideSolutionNode = FALSE
	EndGlobalSection
	GlobalSection(ExtensibilityGlobals) = postSolution
		SolutionGuid = {10C79865-62B9-4438-8DDB-284AEFA9F96E}
	EndGlobalSection
EndGlobal
