
Microsoft Visual Studio Solution File, Format Version 12.00
# Visual Studio Version 16
VisualStudioVersion = 16.0.32228.343
MinimumVisualStudioVersion = 10.0.40219.1
Project("{FAE04EC0-301F-11D3-BF4B-00C04F79EFBC}") = "print_AtoZ", "print_AtoZ.csproj", "{28709395-454A-435E-B319-72EADA676EF4}"
EndProject
Global
	GlobalSection(SolutionConfigurationPlatforms) = preSolution
		Debug|Any CPU = Debug|Any CPU
		Release|Any CPU = Release|Any CPU
	EndGlobalSection
	GlobalSection(ProjectConfigurationPlatforms) = postSolution
		{28709395-454A-435E-B319-72EADA676EF4}.Debug|Any CPU.ActiveCfg = Debug|Any CPU
		{28709395-454A-435E-B319-72EADA676EF4}.Debug|Any CPU.Build.0 = Debug|Any CPU
		{28709395-454A-435E-B319-72EADA676EF4}.Release|Any CPU.ActiveCfg = Release|Any CPU
		{28709395-454A-435E-B319-72EADA676EF4}.Release|Any CPU.Build.0 = Release|Any CPU
	EndGlobalSection
	GlobalSection(SolutionProperties) = preSolution
		HideSolutionNode = FALSE
	EndGlobalSection
	GlobalSection(ExtensibilityGlobals) = postSolution
		SolutionGuid = {0F7A32FE-066C-4ABB-9D3B-A8B6B310E295}
	EndGlobalSection
EndGlobal
