
Microsoft Visual Studio Solution File, Format Version 12.00
# Visual Studio Version 16
VisualStudioVersion = 16.0.32228.343
MinimumVisualStudioVersion = 10.0.40219.1
Project("{FAE04EC0-301F-11D3-BF4B-00C04F79EFBC}") = "draw_tree", "draw_tree.csproj", "{4FAEBA36-88DE-4DC1-BD15-E8E8FC7C1EDB}"
EndProject
Global
	GlobalSection(SolutionConfigurationPlatforms) = preSolution
		Debug|Any CPU = Debug|Any CPU
		Release|Any CPU = Release|Any CPU
	EndGlobalSection
	GlobalSection(ProjectConfigurationPlatforms) = postSolution
		{4FAEBA36-88DE-4DC1-BD15-E8E8FC7C1EDB}.Debug|Any CPU.ActiveCfg = Debug|Any CPU
		{4FAEBA36-88DE-4DC1-BD15-E8E8FC7C1EDB}.Debug|Any CPU.Build.0 = Debug|Any CPU
		{4FAEBA36-88DE-4DC1-BD15-E8E8FC7C1EDB}.Release|Any CPU.ActiveCfg = Release|Any CPU
		{4FAEBA36-88DE-4DC1-BD15-E8E8FC7C1EDB}.Release|Any CPU.Build.0 = Release|Any CPU
	EndGlobalSection
	GlobalSection(SolutionProperties) = preSolution
		HideSolutionNode = FALSE
	EndGlobalSection
	GlobalSection(ExtensibilityGlobals) = postSolution
		SolutionGuid = {D5623F94-276A-450B-A948-C4AB07996797}
	EndGlobalSection
EndGlobal
