
Microsoft Visual Studio Solution File, Format Version 12.00
# Visual Studio Version 16
VisualStudioVersion = 16.0.32228.343
MinimumVisualStudioVersion = 10.0.40219.1
Project("{FAE04EC0-301F-11D3-BF4B-00C04F79EFBC}") = "2_c", "2_c.csproj", "{9B9FB2DD-FB52-4544-A4ED-3021B5716325}"
EndProject
Global
	GlobalSection(SolutionConfigurationPlatforms) = preSolution
		Debug|Any CPU = Debug|Any CPU
		Release|Any CPU = Release|Any CPU
	EndGlobalSection
	GlobalSection(ProjectConfigurationPlatforms) = postSolution
		{9B9FB2DD-FB52-4544-A4ED-3021B5716325}.Debug|Any CPU.ActiveCfg = Debug|Any CPU
		{9B9FB2DD-FB52-4544-A4ED-3021B5716325}.Debug|Any CPU.Build.0 = Debug|Any CPU
		{9B9FB2DD-FB52-4544-A4ED-3021B5716325}.Release|Any CPU.ActiveCfg = Release|Any CPU
		{9B9FB2DD-FB52-4544-A4ED-3021B5716325}.Release|Any CPU.Build.0 = Release|Any CPU
	EndGlobalSection
	GlobalSection(SolutionProperties) = preSolution
		HideSolutionNode = FALSE
	EndGlobalSection
	GlobalSection(ExtensibilityGlobals) = postSolution
		SolutionGuid = {7B240D27-AA4A-4E3D-8AA4-50B057A39A70}
	EndGlobalSection
EndGlobal
