
Microsoft Visual Studio Solution File, Format Version 12.00
# Visual Studio Version 16
VisualStudioVersion = 16.0.32228.343
MinimumVisualStudioVersion = 10.0.40219.1
Project("{FAE04EC0-301F-11D3-BF4B-00C04F79EFBC}") = "WEEK_6_20206277_1_1", "WEEK_6_20206277_1_1.csproj", "{8D823403-B192-407C-BF2A-2351B15421C2}"
EndProject
Global
	GlobalSection(SolutionConfigurationPlatforms) = preSolution
		Debug|Any CPU = Debug|Any CPU
		Release|Any CPU = Release|Any CPU
	EndGlobalSection
	GlobalSection(ProjectConfigurationPlatforms) = postSolution
		{8D823403-B192-407C-BF2A-2351B15421C2}.Debug|Any CPU.ActiveCfg = Debug|Any CPU
		{8D823403-B192-407C-BF2A-2351B15421C2}.Debug|Any CPU.Build.0 = Debug|Any CPU
		{8D823403-B192-407C-BF2A-2351B15421C2}.Release|Any CPU.ActiveCfg = Release|Any CPU
		{8D823403-B192-407C-BF2A-2351B15421C2}.Release|Any CPU.Build.0 = Release|Any CPU
	EndGlobalSection
	GlobalSection(SolutionProperties) = preSolution
		HideSolutionNode = FALSE
	EndGlobalSection
	GlobalSection(ExtensibilityGlobals) = postSolution
		SolutionGuid = {026307E5-2B23-49AB-BB95-3B304B52B25E}
	EndGlobalSection
EndGlobal
